Microsoft Visual Studio Solution File, Format Version 7.00
Project("{FAE04EC0-301F-11D3-BF4B-00C04F79EFBC}") = "PentominosSharp", "PentominosSharp.csproj", "{EA2CD58B-E754-445E-B026-1C9F29524A59}"
EndProject
Global
	GlobalSection(SolutionConfiguration) = preSolution
		ConfigName.0 = Debug
		ConfigName.1 = Release
	EndGlobalSection
	GlobalSection(ProjectDependencies) = postSolution
	EndGlobalSection
	GlobalSection(ProjectConfiguration) = postSolution
		{EA2CD58B-E754-445E-B026-1C9F29524A59}.Debug.ActiveCfg = Debug|.NET
		{EA2CD58B-E754-445E-B026-1C9F29524A59}.Debug.Build.0 = Debug|.NET
		{EA2CD58B-E754-445E-B026-1C9F29524A59}.Release.ActiveCfg = Release|.NET
		{EA2CD58B-E754-445E-B026-1C9F29524A59}.Release.Build.0 = Release|.NET
	EndGlobalSection
	GlobalSection(SolutionItems) = postSolution
	EndGlobalSection
	GlobalSection(ExtensibilityGlobals) = postSolution
	EndGlobalSection
	GlobalSection(ExtensibilityAddIns) = postSolution
	EndGlobalSection
EndGlobal
